
Microsoft Visual Studio Solution File, Format Version 12.00
# Visual Studio 15
VisualStudioVersion = 15.0.27130.2024
MinimumVisualStudioVersion = 10.0.40219.1
Project("{FAE04EC0-301F-11D3-BF4B-00C04F79EFBC}") = "VioletDocumentCreator", "VioletDocumentCreator\VioletDocumentCreator.csproj", "{9A927BD3-AAF9-4F63-AB78-8AAA01FCECC3}"
EndProject
Project("{FAE04EC0-301F-11D3-BF4B-00C04F79EFBC}") = "VioletDocumentCreatorTests", "VioletDocumentCreatorTests\VioletDocumentCreatorTests.csproj", "{D9720B8D-C90F-495F-B166-34AAF0233FF1}"
EndProject
Global
	GlobalSection(SolutionConfigurationPlatforms) = preSolution
		Debug|Any CPU = Debug|Any CPU
		Release|Any CPU = Release|Any CPU
	EndGlobalSection
	GlobalSection(ProjectConfigurationPlatforms) = postSolution
		{9A927BD3-AAF9-4F63-AB78-8AAA01FCECC3}.Debug|Any CPU.ActiveCfg = Debug|Any CPU
		{9A927BD3-AAF9-4F63-AB78-8AAA01FCECC3}.Debug|Any CPU.Build.0 = Debug|Any CPU
		{9A927BD3-AAF9-4F63-AB78-8AAA01FCECC3}.Release|Any CPU.ActiveCfg = Release|Any CPU
		{9A927BD3-AAF9-4F63-AB78-8AAA01FCECC3}.Release|Any CPU.Build.0 = Release|Any CPU
		{D9720B8D-C90F-495F-B166-34AAF0233FF1}.Debug|Any CPU.ActiveCfg = Debug|Any CPU
		{D9720B8D-C90F-495F-B166-34AAF0233FF1}.Debug|Any CPU.Build.0 = Debug|Any CPU
		{D9720B8D-C90F-495F-B166-34AAF0233FF1}.Release|Any CPU.ActiveCfg = Release|Any CPU
		{D9720B8D-C90F-495F-B166-34AAF0233FF1}.Release|Any CPU.Build.0 = Release|Any CPU
	EndGlobalSection
	GlobalSection(SolutionProperties) = preSolution
		HideSolutionNode = FALSE
	EndGlobalSection
	GlobalSection(ExtensibilityGlobals) = postSolution
		SolutionGuid = {19D7A054-DF4E-4629-98C6-D73C222FD8AC}
	EndGlobalSection
EndGlobal
